
Microsoft Visual Studio Solution File, Format Version 12.00
# Visual Studio 15
VisualStudioVersion = 15.0.27703.2026
MinimumVisualStudioVersion = 10.0.40219.1
Project("{FAE04EC0-301F-11D3-BF4B-00C04F79EFBC}") = "EasyCrud", "EasyCrud\EasyCrud.csproj", "{63255DC8-B545-493C-B0BD-34A0C370C95C}"
EndProject
Global
	GlobalSection(SolutionConfigurationPlatforms) = preSolution
		Debug|Any CPU = Debug|Any CPU
		Release|Any CPU = Release|Any CPU
	EndGlobalSection
	GlobalSection(ProjectConfigurationPlatforms) = postSolution
		{63255DC8-B545-493C-B0BD-34A0C370C95C}.Debug|Any CPU.ActiveCfg = Debug|Any CPU
		{63255DC8-B545-493C-B0BD-34A0C370C95C}.Debug|Any CPU.Build.0 = Debug|Any CPU
		{63255DC8-B545-493C-B0BD-34A0C370C95C}.Release|Any CPU.ActiveCfg = Release|Any CPU
		{63255DC8-B545-493C-B0BD-34A0C370C95C}.Release|Any CPU.Build.0 = Release|Any CPU
	EndGlobalSection
	GlobalSection(SolutionProperties) = preSolution
		HideSolutionNode = FALSE
	EndGlobalSection
	GlobalSection(ExtensibilityGlobals) = postSolution
		SolutionGuid = {32BE5975-DC67-44F3-A2D5-E8AB62CB4526}
	EndGlobalSection
EndGlobal
